
Microsoft Visual Studio Solution File, Format Version 12.00
# Visual Studio 15
VisualStudioVersion = 15.0.28010.2036
MinimumVisualStudioVersion = 10.0.40219.1
Project("{FAE04EC0-301F-11D3-BF4B-00C04F79EFBC}") = "AGProxyTester", "AGProxyTester\AGProxyTester.csproj", "{AEF90E13-6BB6-4748-966D-FDEE380DA714}"
EndProject
Global
	GlobalSection(SolutionConfigurationPlatforms) = preSolution
		Debug|Any CPU = Debug|Any CPU
		Release|Any CPU = Release|Any CPU
	EndGlobalSection
	GlobalSection(ProjectConfigurationPlatforms) = postSolution
		{AEF90E13-6BB6-4748-966D-FDEE380DA714}.Debug|Any CPU.ActiveCfg = Debug|Any CPU
		{AEF90E13-6BB6-4748-966D-FDEE380DA714}.Debug|Any CPU.Build.0 = Debug|Any CPU
		{AEF90E13-6BB6-4748-966D-FDEE380DA714}.Release|Any CPU.ActiveCfg = Release|Any CPU
		{AEF90E13-6BB6-4748-966D-FDEE380DA714}.Release|Any CPU.Build.0 = Release|Any CPU
	EndGlobalSection
	GlobalSection(SolutionProperties) = preSolution
		HideSolutionNode = FALSE
	EndGlobalSection
	GlobalSection(ExtensibilityGlobals) = postSolution
		SolutionGuid = {D7ABACD8-0646-44E4-A81C-503B69F3D564}
	EndGlobalSection
EndGlobal
